
Microsoft Visual Studio Solution File, Format Version 12.00
# Visual Studio Version 17
VisualStudioVersion = 17.0.31903.59
MinimumVisualStudioVersion = 10.0.40219.1
GlobalSection(SolutionProperties) = preSolution
HideSolutionNode = FALSE
Project("{FAE04EC0-301F-11D3-BF4B-00C04F79EFBC}") = "MySchedule", "MySchedule.csproj", "{CA986373-7E94-4340-94A4-C6AD23B674B5}"
EndProject
Global
	GlobalSection(SolutionConfigurationPlatforms) = preSolution
		Debug|Any CPU = Debug|Any CPU
		Debug|x64 = Debug|x64
		Debug|x86 = Debug|x86
		Release|Any CPU = Release|Any CPU
		Release|x64 = Release|x64
		Release|x86 = Release|x86
	EndGlobalSection
	GlobalSection(ProjectConfigurationPlatforms) = postSolution
		{CA986373-7E94-4340-94A4-C6AD23B674B5}.Debug|Any CPU.ActiveCfg = Debug|Any CPU
		{CA986373-7E94-4340-94A4-C6AD23B674B5}.Debug|Any CPU.Build.0 = Debug|Any CPU
		{CA986373-7E94-4340-94A4-C6AD23B674B5}.Debug|x64.ActiveCfg = Debug|Any CPU
		{CA986373-7E94-4340-94A4-C6AD23B674B5}.Debug|x64.Build.0 = Debug|Any CPU
		{CA986373-7E94-4340-94A4-C6AD23B674B5}.Debug|x86.ActiveCfg = Debug|Any CPU
		{CA986373-7E94-4340-94A4-C6AD23B674B5}.Debug|x86.Build.0 = Debug|Any CPU
		{CA986373-7E94-4340-94A4-C6AD23B674B5}.Release|Any CPU.ActiveCfg = Release|Any CPU
		{CA986373-7E94-4340-94A4-C6AD23B674B5}.Release|Any CPU.Build.0 = Release|Any CPU
		{CA986373-7E94-4340-94A4-C6AD23B674B5}.Release|x64.ActiveCfg = Release|Any CPU
		{CA986373-7E94-4340-94A4-C6AD23B674B5}.Release|x64.Build.0 = Release|Any CPU
		{CA986373-7E94-4340-94A4-C6AD23B674B5}.Release|x86.ActiveCfg = Release|Any CPU
		{CA986373-7E94-4340-94A4-C6AD23B674B5}.Release|x86.Build.0 = Release|Any CPU
	EndGlobalSection
EndGlobal
